lockfileVersion: '6.0'

devDependencies:
  '@mobily/ts-belt':
    specifier: ^4.0.0-rc.5
    version: 4.0.0-rc.5
  '@types/bun':
    specifier: latest
    version: 1.0.1
  ts-pattern:
    specifier: ^5.0.6
    version: 5.0.6
  typescript:
    specifier: ^5.3.3
    version: 5.3.3

packages:

  /@mobily/ts-belt@4.0.0-rc.5:
    resolution: {integrity: sha512-HLWJ8yKrfwdMzCvckRunrAL8Z+K5q31FdY6JzhkBp8o6uQsVuzf26KFyno1s6n6GB78OJEsjs57SaDk9plsJhA==}
    engines: {node: '>= 10.*'}
    dev: true

  /@types/bun@1.0.1:
    resolution: {integrity: sha512-PPDvyihNJVW1I3Wt0C+nM/4HI5xvT2pFMmazIPHQV45yYIh0JW4G5V4KO3UZoqL9MT5RsU7nJ8KQgmixw72BfQ==}
    dependencies:
      bun-types: 1.0.21
    dev: true

  /@types/node@20.11.0:
    resolution: {integrity: sha512-o9bjXmDNcF7GbM4CNQpmi+TutCgap/K3w1JyKgxAjqx41zp9qlIAVFi0IhCNsJcXolEqLWhbFbEeL0PvYm4pcQ==}
    dependencies:
      undici-types: 5.26.5
    dev: true

  /@types/ws@8.5.10:
    resolution: {integrity: sha512-vmQSUcfalpIq0R9q7uTo2lXs6eGIpt9wtnLdMv9LVpIjCA/+ufZRozlVoVelIYixx1ugCBKDhn89vnsEGOCx9A==}
    dependencies:
      '@types/node': 20.11.0
    dev: true

  /bun-types@1.0.21:
    resolution: {integrity: sha512-Ugagjf+XZUXDvxDRa3EnhLeMzm2g8ZYFleBF55Ac3GZSzPqdMLAdK9kvZB6M1H4nAFvrEHdV2PHqkzIoNs+3wQ==}
    dependencies:
      '@types/node': 20.11.0
      '@types/ws': 8.5.10
      undici-types: 5.26.5
    dev: true

  /ts-pattern@5.0.6:
    resolution: {integrity: sha512-Y+jOjihlFriWzcBjncPCf2/am+Hgz7LtsWs77pWg5vQQKLQj07oNrJryo/wK2G0ndNaoVn2ownFMeoeAuReu3Q==}
    dev: true

  /typescript@5.3.3:
    resolution: {integrity: sha512-pXWcraxM0uxAS+tN0AG/BF2TyqmHO014Z070UsJ+pFvYuRSq8KH8DmWpnbXe0pEPDHXZV3FcAbJkijJ5oNEnWw==}
    engines: {node: '>=14.17'}
    hasBin: true
    dev: true

  /undici-types@5.26.5:
    resolution: {integrity: sha512-JlCMO+ehdEIKqlFxk6IfVoAUVmgz7cU7zD/h9XZ0qzeosSHmUJVOzSQvvYSYWXkFXC+IfLKSIffhv0sVZup6pA==}
    dev: true

settings:
  autoInstallPeers: true
  excludeLinksFromLockfile: false
